
Microsoft Visual Studio Solution File, Format Version 12.00
# Visual Studio Version 17
VisualStudioVersion = 17.1.32407.343
MinimumVisualStudioVersion = 10.0.40219.1
Project("{FAE04EC0-301F-11D3-BF4B-00C04F79EFBC}") = "Revit_2018", "Revit_2018\Revit_2018.csproj", "{C25E66A9-9675-4173-84EF-887F6BF76E57}"
EndProject
Project("{54435603-DBB4-11D2-8724-00A0C9A8B90C}") = "Setup", "Setup\Setup.vdproj", "{0C7B5230-6A39-4503-BE1F-E405A198625C}"
EndProject
Project("{FAE04EC0-301F-11D3-BF4B-00C04F79EFBC}") = "Branch", "Branch\Branch.csproj", "{3B0B8BC7-0668-40EB-B724-B7ED2BA4AC5D}"
EndProject
Global
	GlobalSection(SolutionConfigurationPlatforms) = preSolution
		Debug|Any CPU = Debug|Any CPU
		Release|Any CPU = Release|Any CPU
	EndGlobalSection
	GlobalSection(ProjectConfigurationPlatforms) = postSolution
		{C25E66A9-9675-4173-84EF-887F6BF76E57}.Debug|Any CPU.ActiveCfg = Debug|Any CPU
		{C25E66A9-9675-4173-84EF-887F6BF76E57}.Debug|Any CPU.Build.0 = Debug|Any CPU
		{C25E66A9-9675-4173-84EF-887F6BF76E57}.Release|Any CPU.ActiveCfg = Release|Any CPU
		{C25E66A9-9675-4173-84EF-887F6BF76E57}.Release|Any CPU.Build.0 = Release|Any CPU
		{0C7B5230-6A39-4503-BE1F-E405A198625C}.Debug|Any CPU.ActiveCfg = Debug
		{0C7B5230-6A39-4503-BE1F-E405A198625C}.Release|Any CPU.ActiveCfg = Release
		{3B0B8BC7-0668-40EB-B724-B7ED2BA4AC5D}.Debug|Any CPU.ActiveCfg = Debug|Any CPU
		{3B0B8BC7-0668-40EB-B724-B7ED2BA4AC5D}.Debug|Any CPU.Build.0 = Debug|Any CPU
		{3B0B8BC7-0668-40EB-B724-B7ED2BA4AC5D}.Release|Any CPU.ActiveCfg = Release|Any CPU
		{3B0B8BC7-0668-40EB-B724-B7ED2BA4AC5D}.Release|Any CPU.Build.0 = Release|Any CPU
	EndGlobalSection
	GlobalSection(SolutionProperties) = preSolution
		HideSolutionNode = FALSE
	EndGlobalSection
	GlobalSection(ExtensibilityGlobals) = postSolution
		SolutionGuid = {54D59A74-39BC-4E2D-AC0A-F32D18417C36}
	EndGlobalSection
EndGlobal
